// !$*UTF8*$!
{
	archiveVersion = 1;
	classes = {
	};
	objectVersion = 46;
	objects = {

/* Begin PBXBuildFile section */
		1AEB4259DA6BD9EE9663F96B /* Pods_TheWordGameUpdate.framework in Frameworks */ = {isa = PBXBuildFile; fileRef = 9A7E42FC3EE44F25E42D8CC6 /* Pods_TheWordGameUpdate.framework */; };
		851363971F537D7200115128 /* Word.swift in Sources */ = {isa = PBXBuildFile; fileRef = 851363961F537D7200115128 /* Word.swift */; };
		851363991F537D7C00115128 /* Tile.swift in Sources */ = {isa = PBXBuildFile; fileRef = 851363981F537D7C00115128 /* Tile.swift */; };
		8513639B1F5381C800115128 /* BaseGameVC.swift in Sources */ = {isa = PBXBuildFile; fileRef = 8513639A1F5381C800115128 /* BaseGameVC.swift */; };
		851E819F1F4F4D9400BAF0ED /* AppDelegate.swift in Sources */ = {isa = PBXBuildFile; fileRef = 851E819E1F4F4D9400BAF0ED /* AppDelegate.swift */; };
		851E81A11F4F4D9400BAF0ED /* LoginVC.swift in Sources */ = {isa = PBXBuildFile; fileRef = 851E81A01F4F4D9400BAF0ED /* LoginVC.swift */; };
		851E81A41F4F4D9400BAF0ED /* Main.storyboard in Resources */ = {isa = PBXBuildFile; fileRef = 851E81A21F4F4D9400BAF0ED /* Main.storyboard */; };
		851E81A61F4F4D9400BAF0ED /* Assets.xcassets in Resources */ = {isa = PBXBuildFile; fileRef = 851E81A51F4F4D9400BAF0ED /* Assets.xcassets */; };
		851E81A91F4F4D9400BAF0ED /* LaunchScreen.storyboard in Resources */ = {isa = PBXBuildFile; fileRef = 851E81A71F4F4D9400BAF0ED /* LaunchScreen.storyboard */; };
		851E81B41F4F4D9400BAF0ED /* TheWordGameUpdateTests.swift in Sources */ = {isa = PBXBuildFile; fileRef = 851E81B31F4F4D9400BAF0ED /* TheWordGameUpdateTests.swift */; };
		851E81BF1F4F4D9400BAF0ED /* TheWordGameUpdateUITests.swift in Sources */ = {isa = PBXBuildFile; fileRef = 851E81BE1F4F4D9400BAF0ED /* TheWordGameUpdateUITests.swift */; };
		856914171F53388400275869 /* ZenVC.swift in Sources */ = {isa = PBXBuildFile; fileRef = 856914161F53388400275869 /* ZenVC.swift */; };
		856914191F53389000275869 /* TimeTrialVC.swift in Sources */ = {isa = PBXBuildFile; fileRef = 856914181F53389000275869 /* TimeTrialVC.swift */; };
		8569142A1F53501C00275869 /* BaseGameView.swift in Sources */ = {isa = PBXBuildFile; fileRef = 856914291F53501C00275869 /* BaseGameView.swift */; };
		8569142C1F53503000275869 /* BaseGameView.xib in Resources */ = {isa = PBXBuildFile; fileRef = 8569142B1F53503000275869 /* BaseGameView.xib */; };
		858C6DEF1F4F51B3008CE70E /* GoogleService-Info.plist in Resources */ = {isa = PBXBuildFile; fileRef = 858C6DEE1F4F51B3008CE70E /* GoogleService-Info.plist */; };
/* End PBXBuildFile section */

/* Begin PBXContainerItemProxy section */
		851E81B01F4F4D9400BAF0ED /* PBXContainerItemProxy */ = {
			isa = PBXContainerItemProxy;
			containerPortal = 851E81931F4F4D9400BAF0ED /* Project object */;
			proxyType = 1;
			remoteGlobalIDString = 851E819A1F4F4D9400BAF0ED;
			remoteInfo = TheWordGameUpdate;
		};
		851E81BB1F4F4D9400BAF0ED /* PBXContainerItemProxy */ = {
			isa = PBXContainerItemProxy;
			containerPortal = 851E81931F4F4D9400BAF0ED /* Project object */;
			proxyType = 1;
			remoteGlobalIDString = 851E819A1F4F4D9400BAF0ED;
			remoteInfo = TheWordGameUpdate;
		};
/* End PBXContainerItemProxy section */

/* Begin PBXFileReference section */
		5AD34550068EB180B4E6E86C /* Pods-TheWordGameUpdate.release.xcconfig */ = {isa = PBXFileReference; includeInIndex = 1; lastKnownFileType = text.xcconfig; name = "Pods-TheWordGameUpdate.release.xcconfig"; path = "Pods/Target Support Files/Pods-TheWordGameUpdate/Pods-TheWordGameUpdate.release.xcconfig"; sourceTree = "<group>"; };
		7E0B92E8B96CF6955CD1A348 /* Pods-TheWordGameUpdate.debug.xcconfig */ = {isa = PBXFileReference; includeInIndex = 1; lastKnownFileType = text.xcconfig; name = "Pods-TheWordGameUpdate.debug.xcconfig"; path = "Pods/Target Support Files/Pods-TheWordGameUpdate/Pods-TheWordGameUpdate.debug.xcconfig"; sourceTree = "<group>"; };
		851363961F537D7200115128 /* Word.swift */ = {isa = PBXFileReference; fileEncoding = 4; lastKnownFileType = sourcecode.swift; path = Word.swift; sourceTree = "<group>"; };
		851363981F537D7C00115128 /* Tile.swift */ = {isa = PBXFileReference; fileEncoding = 4; lastKnownFileType = sourcecode.swift; path = Tile.swift; sourceTree = "<group>"; };
		8513639A1F5381C800115128 /* BaseGameVC.swift */ = {isa = PBXFileReference; fileEncoding = 4; lastKnownFileType = sourcecode.swift; path = BaseGameVC.swift; sourceTree = "<group>"; };
		851E819B1F4F4D9400BAF0ED /* TheWordGameUpdate.app */ = {isa = PBXFileReference; explicitFileType = wrapper.application; includeInIndex = 0; path = TheWordGameUpdate.app; sourceTree = BUILT_PRODUCTS_DIR; };
		851E819E1F4F4D9400BAF0ED /* AppDelegate.swift */ = {isa = PBXFileReference; lastKnownFileType = sourcecode.swift; path = AppDelegate.swift; sourceTree = "<group>"; };
		851E81A01F4F4D9400BAF0ED /* LoginVC.swift */ = {isa = PBXFileReference; lastKnownFileType = sourcecode.swift; path = LoginVC.swift; sourceTree = "<group>"; };
		851E81A31F4F4D9400BAF0ED /* Base */ = {isa = PBXFileReference; lastKnownFileType = file.storyboard; name = Base; path = Base.lproj/Main.storyboard; sourceTree = "<group>"; };
		851E81A51F4F4D9400BAF0ED /* Assets.xcassets */ = {isa = PBXFileReference; lastKnownFileType = folder.assetcatalog; path = Assets.xcassets; sourceTree = "<group>"; };
		851E81A81F4F4D9400BAF0ED /* Base */ = {isa = PBXFileReference; lastKnownFileType = file.storyboard; name = Base; path = Base.lproj/LaunchScreen.storyboard; sourceTree = "<group>"; };
		851E81AA1F4F4D9400BAF0ED /* Info.plist */ = {isa = PBXFileReference; lastKnownFileType = text.plist.xml; path = Info.plist; sourceTree = "<group>"; };
		851E81AF1F4F4D9400BAF0ED /* TheWordGameUpdateTests.xctest */ = {isa = PBXFileReference; explicitFileType = wrapper.cfbundle; includeInIndex = 0; path = TheWordGameUpdateTests.xctest; sourceTree = BUILT_PRODUCTS_DIR; };
		851E81B31F4F4D9400BAF0ED /* TheWordGameUpdateTests.swift */ = {isa = PBXFileReference; lastKnownFileType = sourcecode.swift; path = TheWordGameUpdateTests.swift; sourceTree = "<group>"; };
		851E81B51F4F4D9400BAF0ED /* Info.plist */ = {isa = PBXFileReference; lastKnownFileType = text.plist.xml; path = Info.plist; sourceTree = "<group>"; };
		851E81BA1F4F4D9400BAF0ED /* TheWordGameUpdateUITests.xctest */ = {isa = PBXFileReference; explicitFileType = wrapper.cfbundle; includeInIndex = 0; path = TheWordGameUpdateUITests.xctest; sourceTree = BUILT_PRODUCTS_DIR; };
		851E81BE1F4F4D9400BAF0ED /* TheWordGameUpdateUITests.swift */ = {isa = PBXFileReference; lastKnownFileType = sourcecode.swift; path = TheWordGameUpdateUITests.swift; sourceTree = "<group>"; };
		851E81C01F4F4D9400BAF0ED /* Info.plist */ = {isa = PBXFileReference; lastKnownFileType = text.plist.xml; path = Info.plist; sourceTree = "<group>"; };
		856914161F53388400275869 /* ZenVC.swift */ = {isa = PBXFileReference; fileEncoding = 4; lastKnownFileType = sourcecode.swift; path = ZenVC.swift; sourceTree = "<group>"; };
		856914181F53389000275869 /* TimeTrialVC.swift */ = {isa = PBXFileReference; fileEncoding = 4; lastKnownFileType = sourcecode.swift; path = TimeTrialVC.swift; sourceTree = "<group>"; };
		856914291F53501C00275869 /* BaseGameView.swift */ = {isa = PBXFileReference; fileEncoding = 4; lastKnownFileType = sourcecode.swift; path = BaseGameView.swift; sourceTree = "<group>"; };
		8569142B1F53503000275869 /* BaseGameView.xib */ = {isa = PBXFileReference; fileEncoding = 4; lastKnownFileType = file.xib; path = BaseGameView.xib; sourceTree = "<group>"; };
		858C6DED1F4F4F7E008CE70E /* TheWordGameUpdate.entitlements */ = {isa = PBXFileReference; lastKnownFileType = text.plist.entitlements; path = TheWordGameUpdate.entitlements; sourceTree = "<group>"; };
		858C6DEE1F4F51B3008CE70E /* GoogleService-Info.plist */ = {isa = PBXFileReference; fileEncoding = 4; lastKnownFileType = text.plist.xml; path = "GoogleService-Info.plist"; sourceTree = SOURCE_ROOT; };
		9A7E42FC3EE44F25E42D8CC6 /* Pods_TheWordGameUpdate.framework */ = {isa = PBXFileReference; explicitFileType = wrapper.framework; includeInIndex = 0; path = Pods_TheWordGameUpdate.framework; sourceTree = BUILT_PRODUCTS_DIR; };
/* End PBXFileReference section */

/* Begin PBXFrameworksBuildPhase section */
		851E81981F4F4D9400BAF0ED /* Frameworks */ = {
			isa = PBXFrameworksBuildPhase;
			buildActionMask = 2147483647;
			files = (
				1AEB4259DA6BD9EE9663F96B /* Pods_TheWordGameUpdate.framework in Frameworks */,
			);
			runOnlyForDeploymentPostprocessing = 0;
		};
		851E81AC1F4F4D9400BAF0ED /* Frameworks */ = {
			isa = PBXFrameworksBuildPhase;
			buildActionMask = 2147483647;
			files = (
			);
			runOnlyForDeploymentPostprocessing = 0;
		};
		851E81B71F4F4D9400BAF0ED /* Frameworks */ = {
			isa = PBXFrameworksBuildPhase;
			buildActionMask = 2147483647;
			files = (
			);
			runOnlyForDeploymentPostprocessing = 0;
		};
/* End PBXFrameworksBuildPhase section */

/* Begin PBXGroup section */
		4F930A3C187D52AE1EED5126 /* Frameworks */ = {
			isa = PBXGroup;
			children = (
				9A7E42FC3EE44F25E42D8CC6 /* Pods_TheWordGameUpdate.framework */,
			);
			name = Frameworks;
			sourceTree = "<group>";
		};
		851363951F537D6700115128 /* Structures */ = {
			isa = PBXGroup;
			children = (
				851363961F537D7200115128 /* Word.swift */,
				851363981F537D7C00115128 /* Tile.swift */,
				856914291F53501C00275869 /* BaseGameView.swift */,
			);
			name = Structures;
			sourceTree = "<group>";
		};
		851E81921F4F4D9400BAF0ED = {
			isa = PBXGroup;
			children = (
				851E819D1F4F4D9400BAF0ED /* TheWordGameUpdate */,
				851E81B21F4F4D9400BAF0ED /* TheWordGameUpdateTests */,
				851E81BD1F4F4D9400BAF0ED /* TheWordGameUpdateUITests */,
				851E819C1F4F4D9400BAF0ED /* Products */,
				D6660FAB40B36F4860E1865A /* Pods */,
				4F930A3C187D52AE1EED5126 /* Frameworks */,
			);
			sourceTree = "<group>";
		};
		851E819C1F4F4D9400BAF0ED /* Products */ = {
			isa = PBXGroup;
			children = (
				851E819B1F4F4D9400BAF0ED /* TheWordGameUpdate.app */,
				851E81AF1F4F4D9400BAF0ED /* TheWordGameUpdateTests.xctest */,
				851E81BA1F4F4D9400BAF0ED /* TheWordGameUpdateUITests.xctest */,
			);
			name = Products;
			sourceTree = "<group>";
		};
		851E819D1F4F4D9400BAF0ED /* TheWordGameUpdate */ = {
			isa = PBXGroup;
			children = (
				851363951F537D6700115128 /* Structures */,
				858C6DE91F4F4E69008CE70E /* Controllers */,
				858C6DEC1F4F4E8A008CE70E /* Layouts */,
				858C6DEA1F4F4E70008CE70E /* Other */,
				858C6DEB1F4F4E76008CE70E /* Supporting */,
				851E81A51F4F4D9400BAF0ED /* Assets.xcassets */,
			);
			path = TheWordGameUpdate;
			sourceTree = "<group>";
		};
		851E81B21F4F4D9400BAF0ED /* TheWordGameUpdateTests */ = {
			isa = PBXGroup;
			children = (
				851E81B31F4F4D9400BAF0ED /* TheWordGameUpdateTests.swift */,
				851E81B51F4F4D9400BAF0ED /* Info.plist */,
			);
			path = TheWordGameUpdateTests;
			sourceTree = "<group>";
		};
		851E81BD1F4F4D9400BAF0ED /* TheWordGameUpdateUITests */ = {
			isa = PBXGroup;
			children = (
				851E81BE1F4F4D9400BAF0ED /* TheWordGameUpdateUITests.swift */,
				851E81C01F4F4D9400BAF0ED /* Info.plist */,
			);
			path = TheWordGameUpdateUITests;
			sourceTree = "<group>";
		};
		858C6DE91F4F4E69008CE70E /* Controllers */ = {
			isa = PBXGroup;
			children = (
				851E81A01F4F4D9400BAF0ED /* LoginVC.swift */,
				856914161F53388400275869 /* ZenVC.swift */,
				856914181F53389000275869 /* TimeTrialVC.swift */,
				8513639A1F5381C800115128 /* BaseGameVC.swift */,
			);
			name = Controllers;
			sourceTree = "<group>";
		};
		858C6DEA1F4F4E70008CE70E /* Other */ = {
			isa = PBXGroup;
			children = (
				851E819E1F4F4D9400BAF0ED /* AppDelegate.swift */,
			);
			name = Other;
			sourceTree = "<group>";
		};
		858C6DEB1F4F4E76008CE70E /* Supporting */ = {
			isa = PBXGroup;
			children = (
				858C6DEE1F4F51B3008CE70E /* GoogleService-Info.plist */,
				851E81AA1F4F4D9400BAF0ED /* Info.plist */,
				858C6DED1F4F4F7E008CE70E /* TheWordGameUpdate.entitlements */,
			);
			name = Supporting;
			sourceTree = "<group>";
		};
		858C6DEC1F4F4E8A008CE70E /* Layouts */ = {
			isa = PBXGroup;
			children = (
				851E81A21F4F4D9400BAF0ED /* Main.storyboard */,
				8569142B1F53503000275869 /* BaseGameView.xib */,
				851E81A71F4F4D9400BAF0ED /* LaunchScreen.storyboard */,
			);
			name = Layouts;
			sourceTree = "<group>";
		};
		D6660FAB40B36F4860E1865A /* Pods */ = {
			isa = PBXGroup;
			children = (
				7E0B92E8B96CF6955CD1A348 /* Pods-TheWordGameUpdate.debug.xcconfig */,
				5AD34550068EB180B4E6E86C /* Pods-TheWordGameUpdate.release.xcconfig */,
			);
			name = Pods;
			sourceTree = "<group>";
		};
/* End PBXGroup section */

/* Begin PBXNativeTarget section */
		851E819A1F4F4D9400BAF0ED /* TheWordGameUpdate */ = {
			isa = PBXNativeTarget;
			buildConfigurationList = 851E81C31F4F4D9400BAF0ED /* Build configuration list for PBXNativeTarget "TheWordGameUpdate" */;
			buildPhases = (
				8ACA9693F60AEFB38DE5A53E /* [CP] Check Pods Manifest.lock */,
				851E81971F4F4D9400BAF0ED /* Sources */,
				851E81981F4F4D9400BAF0ED /* Frameworks */,
				851E81991F4F4D9400BAF0ED /* Resources */,
				55DB4D133B12995A2CE3E8A7 /* [CP] Embed Pods Frameworks */,
				B4D02922A93B69E2D9D3F7E6 /* [CP] Copy Pods Resources */,
			);
			buildRules = (
			);
			dependencies = (
			);
			name = TheWordGameUpdate;
			productName = TheWordGameUpdate;
			productReference = 851E819B1F4F4D9400BAF0ED /* TheWordGameUpdate.app */;
			productType = "com.apple.product-type.application";
		};
		851E81AE1F4F4D9400BAF0ED /* TheWordGameUpdateTests */ = {
			isa = PBXNativeTarget;
			buildConfigurationList = 851E81C61F4F4D9400BAF0ED /* Build configuration list for PBXNativeTarget "TheWordGameUpdateTests" */;
			buildPhases = (
				851E81AB1F4F4D9400BAF0ED /* Sources */,
				851E81AC1F4F4D9400BAF0ED /* Frameworks */,
				851E81AD1F4F4D9400BAF0ED /* Resources */,
			);
			buildRules = (
			);
			dependencies = (
				851E81B11F4F4D9400BAF0ED /* PBXTargetDependency */,
			);
			name = TheWordGameUpdateTests;
			productName = TheWordGameUpdateTests;
			productReference = 851E81AF1F4F4D9400BAF0ED /* TheWordGameUpdateTests.xctest */;
			productType = "com.apple.product-type.bundle.unit-test";
		};
		851E81B91F4F4D9400BAF0ED /* TheWordGameUpdateUITests */ = {
			isa = PBXNativeTarget;
			buildConfigurationList = 851E81C91F4F4D9400BAF0ED /* Build configuration list for PBXNativeTarget "TheWordGameUpdateUITests" */;
			buildPhases = (
				851E81B61F4F4D9400BAF0ED /* Sources */,
				851E81B71F4F4D9400BAF0ED /* Frameworks */,
				851E81B81F4F4D9400BAF0ED /* Resources */,
			);
			buildRules = (
			);
			dependencies = (
				851E81BC1F4F4D9400BAF0ED /* PBXTargetDependency */,
			);
			name = TheWordGameUpdateUITests;
			productName = TheWordGameUpdateUITests;
			productReference = 851E81BA1F4F4D9400BAF0ED /* TheWordGameUpdateUITests.xctest */;
			productType = "com.apple.product-type.bundle.ui-testing";
		};
/* End PBXNativeTarget section */

/* Begin PBXProject section */
		851E81931F4F4D9400BAF0ED /* Project object */ = {
			isa = PBXProject;
			attributes = {
				LastSwiftUpdateCheck = 0820;
				LastUpgradeCheck = 0820;
				ORGANIZATIONNAME = "Lampshade Software";
				TargetAttributes = {
					851E819A1F4F4D9400BAF0ED = {
						CreatedOnToolsVersion = 8.2.1;
						DevelopmentTeam = 4Y9W3Y2Z9W;
						ProvisioningStyle = Automatic;
						SystemCapabilities = {
							com.apple.Keychain = {
								enabled = 1;
							};
						};
					};
					851E81AE1F4F4D9400BAF0ED = {
						CreatedOnToolsVersion = 8.2.1;
						DevelopmentTeam = 4Y9W3Y2Z9W;
						ProvisioningStyle = Automatic;
						TestTargetID = 851E819A1F4F4D9400BAF0ED;
					};
					851E81B91F4F4D9400BAF0ED = {
						CreatedOnToolsVersion = 8.2.1;
						DevelopmentTeam = 4Y9W3Y2Z9W;
						ProvisioningStyle = Automatic;
						TestTargetID = 851E819A1F4F4D9400BAF0ED;
					};
				};
			};
			buildConfigurationList = 851E81961F4F4D9400BAF0ED /* Build configuration list for PBXProject "TheWordGameUpdate" */;
			compatibilityVersion = "Xcode 3.2";
			developmentRegion = English;
			hasScannedForEncodings = 0;
			knownRegions = (
				en,
				Base,
			);
			mainGroup = 851E81921F4F4D9400BAF0ED;
			productRefGroup = 851E819C1F4F4D9400BAF0ED /* Products */;
			projectDirPath = "";
			projectRoot = "";
			targets = (
				851E819A1F4F4D9400BAF0ED /* TheWordGameUpdate */,
				851E81AE1F4F4D9400BAF0ED /* TheWordGameUpdateTests */,
				851E81B91F4F4D9400BAF0ED /* TheWordGameUpdateUITests */,
			);
		};
/* End PBXProject section */

/* Begin PBXResourcesBuildPhase section */
		851E81991F4F4D9400BAF0ED /* Resources */ = {
			isa = PBXResourcesBuildPhase;
			buildActionMask = 2147483647;
			files = (
				851E81A91F4F4D9400BAF0ED /* LaunchScreen.storyboard in Resources */,
				858C6DEF1F4F51B3008CE70E /* GoogleService-Info.plist in Resources */,
				851E81A61F4F4D9400BAF0ED /* Assets.xcassets in Resources */,
				851E81A41F4F4D9400BAF0ED /* Main.storyboard in Resources */,
				8569142C1F53503000275869 /* BaseGameView.xib in Resources */,
			);
			runOnlyForDeploymentPostprocessing = 0;
		};
		851E81AD1F4F4D9400BAF0ED /* Resources */ = {
			isa = PBXResourcesBuildPhase;
			buildActionMask = 2147483647;
			files = (
			);
			runOnlyForDeploymentPostprocessing = 0;
		};
		851E81B81F4F4D9400BAF0ED /* Resources */ = {
			isa = PBXResourcesBuildPhase;
			buildActionMask = 2147483647;
			files = (
			);
			runOnlyForDeploymentPostprocessing = 0;
		};
/* End PBXResourcesBuildPhase section */

/* Begin PBXShellScriptBuildPhase section */
		55DB4D133B12995A2CE3E8A7 /* [CP] Embed Pods Frameworks */ = {
			isa = PBXShellScriptBuildPhase;
			buildActionMask = 2147483647;
			files = (
			);
			inputPaths = (
				"${SRCROOT}/Pods/Target Support Files/Pods-TheWordGameUpdate/Pods-TheWordGameUpdate-frameworks.sh",
				"${BUILT_PRODUCTS_DIR}/Bolts/Bolts.framework",
				"${BUILT_PRODUCTS_DIR}/FBSDKCoreKit/FBSDKCoreKit.framework",
				"${BUILT_PRODUCTS_DIR}/FBSDKLoginKit/FBSDKLoginKit.framework",
				"${BUILT_PRODUCTS_DIR}/FBSDKShareKit/FBSDKShareKit.framework",
				"${BUILT_PRODUCTS_DIR}/GTMSessionFetcher/GTMSessionFetcher.framework",
				"${BUILT_PRODUCTS_DIR}/GoogleToolboxForMac/GoogleToolboxForMac.framework",
				"${BUILT_PRODUCTS_DIR}/leveldb-library/leveldb.framework",
				"${BUILT_PRODUCTS_DIR}/nanopb/nanopb.framework",
			);
			name = "[CP] Embed Pods Frameworks";
			outputPaths = (
				"${TARGET_BUILD_DIR}/${FRAMEWORKS_FOLDER_PATH}/Bolts.framework",
				"${TARGET_BUILD_DIR}/${FRAMEWORKS_FOLDER_PATH}/FBSDKCoreKit.framework",
				"${TARGET_BUILD_DIR}/${FRAMEWORKS_FOLDER_PATH}/FBSDKLoginKit.framework",
				"${TARGET_BUILD_DIR}/${FRAMEWORKS_FOLDER_PATH}/FBSDKShareKit.framework",
				"${TARGET_BUILD_DIR}/${FRAMEWORKS_FOLDER_PATH}/GTMSessionFetcher.framework",
				"${TARGET_BUILD_DIR}/${FRAMEWORKS_FOLDER_PATH}/GoogleToolboxForMac.framework",
				"${TARGET_BUILD_DIR}/${FRAMEWORKS_FOLDER_PATH}/leveldb.framework",
				"${TARGET_BUILD_DIR}/${FRAMEWORKS_FOLDER_PATH}/nanopb.framework",
			);
			runOnlyForDeploymentPostprocessing = 0;
			shellPath = /bin/sh;
			shellScript = "\"${SRCROOT}/Pods/Target Support Files/Pods-TheWordGameUpdate/Pods-TheWordGameUpdate-frameworks.sh\"\n";
			showEnvVarsInLog = 0;
		};
		8ACA9693F60AEFB38DE5A53E /* [CP] Check Pods Manifest.lock */ = {
			isa = PBXShellScriptBuildPhase;
			buildActionMask = 2147483647;
			files = (
			);
			inputPaths = (
				"${PODS_PODFILE_DIR_PATH}/Podfile.lock",
				"${PODS_ROOT}/Manifest.lock",
			);
			name = "[CP] Check Pods Manifest.lock";
			outputPaths = (
				"$(DERIVED_FILE_DIR)/Pods-TheWordGameUpdate-checkManifestLockResult.txt",
			);
			runOnlyForDeploymentPostprocessing = 0;
			shellPath = /bin/sh;
			shellScript = "diff \"${PODS_PODFILE_DIR_PATH}/Podfile.lock\" \"${PODS_ROOT}/Manifest.lock\" > /dev/null\nif [ $? != 0 ] ; then\n    # print error to STDERR\n    echo \"error: The sandbox is not in sync with the Podfile.lock. Run 'pod install' or update your CocoaPods installation.\" >&2\n    exit 1\nfi\n# This output is used by Xcode 'outputs' to avoid re-running this script phase.\necho \"SUCCESS\" > \"${SCRIPT_OUTPUT_FILE_0}\"\n";
			showEnvVarsInLog = 0;
		};
		B4D02922A93B69E2D9D3F7E6 /* [CP] Copy Pods Resources */ = {
			isa = PBXShellScriptBuildPhase;
			buildActionMask = 2147483647;
			files = (
			);
			inputPaths = (
			);
			name = "[CP] Copy Pods Resources";
			outputPaths = (
			);
			runOnlyForDeploymentPostprocessing = 0;
			shellPath = /bin/sh;
			shellScript = "\"${SRCROOT}/Pods/Target Support Files/Pods-TheWordGameUpdate/Pods-TheWordGameUpdate-resources.sh\"\n";
			showEnvVarsInLog = 0;
		};
/* End PBXShellScriptBuildPhase section */

/* Begin PBXSourcesBuildPhase section */
		851E81971F4F4D9400BAF0ED /* Sources */ = {
			isa = PBXSourcesBuildPhase;
			buildActionMask = 2147483647;
			files = (
				8569142A1F53501C00275869 /* BaseGameView.swift in Sources */,
				8513639B1F5381C800115128 /* BaseGameVC.swift in Sources */,
				856914191F53389000275869 /* TimeTrialVC.swift in Sources */,
				851E81A11F4F4D9400BAF0ED /* LoginVC.swift in Sources */,
				851363991F537D7C00115128 /* Tile.swift in Sources */,
				851E819F1F4F4D9400BAF0ED /* AppDelegate.swift in Sources */,
				856914171F53388400275869 /* ZenVC.swift in Sources */,
				851363971F537D7200115128 /* Word.swift in Sources */,
			);
			runOnlyForDeploymentPostprocessing = 0;
		};
		851E81AB1F4F4D9400BAF0ED /* Sources */ = {
			isa = PBXSourcesBuildPhase;
			buildActionMask = 2147483647;
			files = (
				851E81B41F4F4D9400BAF0ED /* TheWordGameUpdateTests.swift in Sources */,
			);
			runOnlyForDeploymentPostprocessing = 0;
		};
		851E81B61F4F4D9400BAF0ED /* Sources */ = {
			isa = PBXSourcesBuildPhase;
			buildActionMask = 2147483647;
			files = (
				851E81BF1F4F4D9400BAF0ED /* TheWordGameUpdateUITests.swift in Sources */,
			);
			runOnlyForDeploymentPostprocessing = 0;
		};
/* End PBXSourcesBuildPhase section */

/* Begin PBXTargetDependency section */
		851E81B11F4F4D9400BAF0ED /* PBXTargetDependency */ = {
			isa = PBXTargetDependency;
			target = 851E819A1F4F4D9400BAF0ED /* TheWordGameUpdate */;
			targetProxy = 851E81B01F4F4D9400BAF0ED /* PBXContainerItemProxy */;
		};
		851E81BC1F4F4D9400BAF0ED /* PBXTargetDependency */ = {
			isa = PBXTargetDependency;
			target = 851E819A1F4F4D9400BAF0ED /* TheWordGameUpdate */;
			targetProxy = 851E81BB1F4F4D9400BAF0ED /* PBXContainerItemProxy */;
		};
/* End PBXTargetDependency section */

/* Begin PBXVariantGroup section */
		851E81A21F4F4D9400BAF0ED /* Main.storyboard */ = {
			isa = PBXVariantGroup;
			children = (
				851E81A31F4F4D9400BAF0ED /* Base */,
			);
			name = Main.storyboard;
			sourceTree = "<group>";
		};
		851E81A71F4F4D9400BAF0ED /* LaunchScreen.storyboard */ = {
			isa = PBXVariantGroup;
			children = (
				851E81A81F4F4D9400BAF0ED /* Base */,
			);
			name = LaunchScreen.storyboard;
			sourceTree = "<group>";
		};
/* End PBXVariantGroup section */

/* Begin XCBuildConfiguration section */
		851E81C11F4F4D9400BAF0ED /* Debug */ = {
			isa = XCBuildConfiguration;
			buildSettings = {
				ALWAYS_SEARCH_USER_PATHS = NO;
				CLANG_ANALYZER_NONNULL = YES;
				CLANG_CXX_LANGUAGE_STANDARD = "gnu++0x";
				CLANG_CXX_LIBRARY = "libc++";
				CLANG_ENABLE_MODULES = YES;
				CLANG_ENABLE_OBJC_ARC = YES;
				CLANG_WARN_BOOL_CONVERSION = YES;
				CLANG_WARN_CONSTANT_CONVERSION = YES;
				CLANG_WARN_DIRECT_OBJC_ISA_USAGE = YES_ERROR;
				CLANG_WARN_DOCUMENTATION_COMMENTS = YES;
				CLANG_WARN_EMPTY_BODY = YES;
				CLANG_WARN_ENUM_CONVERSION = YES;
				CLANG_WARN_INFINITE_RECURSION = YES;
				CLANG_WARN_INT_CONVERSION = YES;
				CLANG_WARN_OBJC_ROOT_CLASS = YES_ERROR;
				CLANG_WARN_SUSPICIOUS_MOVE = YES;
				CLANG_WARN_UNREACHABLE_CODE = YES;
				CLANG_WARN__DUPLICATE_METHOD_MATCH = YES;
				"CODE_SIGN_IDENTITY[sdk=iphoneos*]" = "iPhone Developer";
				COPY_PHASE_STRIP = NO;
				DEBUG_INFORMATION_FORMAT = dwarf;
				ENABLE_STRICT_OBJC_MSGSEND = YES;
				ENABLE_TESTABILITY = YES;
				GCC_C_LANGUAGE_STANDARD = gnu99;
				GCC_DYNAMIC_NO_PIC = NO;
				GCC_NO_COMMON_BLOCKS = YES;
				GCC_OPTIMIZATION_LEVEL = 0;
				GCC_PREPROCESSOR_DEFINITIONS = (
					"DEBUG=1",
					"$(inherited)",
				);
				GCC_WARN_64_TO_32_BIT_CONVERSION = YES;
				GCC_WARN_ABOUT_RETURN_TYPE = YES_ERROR;
				GCC_WARN_UNDECLARED_SELECTOR = YES;
				GCC_WARN_UNINITIALIZED_AUTOS = YES_AGGRESSIVE;
				GCC_WARN_UNUSED_FUNCTION = YES;
				GCC_WARN_UNUSED_VARIABLE = YES;
				IPHONEOS_DEPLOYMENT_TARGET = 10.2;
				MTL_ENABLE_DEBUG_INFO = YES;
				ONLY_ACTIVE_ARCH = YES;
				SDKROOT = iphoneos;
				SWIFT_ACTIVE_COMPILATION_CONDITIONS = DEBUG;
				SWIFT_OPTIMIZATION_LEVEL = "-Onone";
				TARGETED_DEVICE_FAMILY = "1,2";
			};
			name = Debug;
		};
		851E81C21F4F4D9400BAF0ED /* Release */ = {
			isa = XCBuildConfiguration;
			buildSettings = {
				ALWAYS_SEARCH_USER_PATHS = NO;
				CLANG_ANALYZER_NONNULL = YES;
				CLANG_CXX_LANGUAGE_STANDARD = "gnu++0x";
				CLANG_CXX_LIBRARY = "libc++";
				CLANG_ENABLE_MODULES = YES;
				CLANG_ENABLE_OBJC_ARC = YES;
				CLANG_WARN_BOOL_CONVERSION = YES;
				CLANG_WARN_CONSTANT_CONVERSION = YES;
				CLANG_WARN_DIRECT_OBJC_ISA_USAGE = YES_ERROR;
				CLANG_WARN_DOCUMENTATION_COMMENTS = YES;
				CLANG_WARN_EMPTY_BODY = YES;
				CLANG_WARN_ENUM_CONVERSION = YES;
				CLANG_WARN_INFINITE_RECURSION = YES;
				CLANG_WARN_INT_CONVERSION = YES;
				CLANG_WARN_OBJC_ROOT_CLASS = YES_ERROR;
				CLANG_WARN_SUSPICIOUS_MOVE = YES;
				CLANG_WARN_UNREACHABLE_CODE = YES;
				CLANG_WARN__DUPLICATE_METHOD_MATCH = YES;
				"CODE_SIGN_IDENTITY[sdk=iphoneos*]" = "iPhone Developer";
				COPY_PHASE_STRIP = NO;
				DEBUG_INFORMATION_FORMAT = "dwarf-with-dsym";
				ENABLE_NS_ASSERTIONS = NO;
				ENABLE_STRICT_OBJC_MSGSEND = YES;
				GCC_C_LANGUAGE_STANDARD = gnu99;
				GCC_NO_COMMON_BLOCKS = YES;
				GCC_WARN_64_TO_32_BIT_CONVERSION = YES;
				GCC_WARN_ABOUT_RETURN_TYPE = YES_ERROR;
				GCC_WARN_UNDECLARED_SELECTOR = YES;
				GCC_WARN_UNINITIALIZED_AUTOS = YES_AGGRESSIVE;
				GCC_WARN_UNUSED_FUNCTION = YES;
				GCC_WARN_UNUSED_VARIABLE = YES;
				IPHONEOS_DEPLOYMENT_TARGET = 10.2;
				MTL_ENABLE_DEBUG_INFO = NO;
				SDKROOT = iphoneos;
				SWIFT_OPTIMIZATION_LEVEL = "-Owholemodule";
				TARGETED_DEVICE_FAMILY = "1,2";
				VALIDATE_PRODUCT = YES;
			};
			name = Release;
		};
		851E81C41F4F4D9400BAF0ED /* Debug */ = {
			isa = XCBuildConfiguration;
			baseConfigurationReference = 7E0B92E8B96CF6955CD1A348 /* Pods-TheWordGameUpdate.debug.xcconfig */;
			buildSettings = {
				ASSETCATALOG_COMPILER_APPICON_NAME = AppIcon;
				CODE_SIGN_ENTITLEMENTS = TheWordGameUpdate/TheWordGameUpdate.entitlements;
				DEVELOPMENT_TEAM = 4Y9W3Y2Z9W;
				INFOPLIST_FILE = TheWordGameUpdate/Info.plist;
				IPHONEOS_DEPLOYMENT_TARGET = 9.0;
				LD_RUNPATH_SEARCH_PATHS = "$(inherited) @executable_path/Frameworks";
				PRODUCT_BUNDLE_IDENTIFIER = com.lss.TheWordGame;
				PRODUCT_NAME = "$(TARGET_NAME)";
				SWIFT_VERSION = 3.0;
			};
			name = Debug;
		};
		851E81C51F4F4D9400BAF0ED /* Release */ = {
			isa = XCBuildConfiguration;
			baseConfigurationReference = 5AD34550068EB180B4E6E86C /* Pods-TheWordGameUpdate.release.xcconfig */;
			buildSettings = {
				ASSETCATALOG_COMPILER_APPICON_NAME = AppIcon;
				CODE_SIGN_ENTITLEMENTS = TheWordGameUpdate/TheWordGameUpdate.entitlements;
				DEVELOPMENT_TEAM = 4Y9W3Y2Z9W;
				INFOPLIST_FILE = TheWordGameUpdate/Info.plist;
				IPHONEOS_DEPLOYMENT_TARGET = 9.0;
				LD_RUNPATH_SEARCH_PATHS = "$(inherited) @executable_path/Frameworks";
				PRODUCT_BUNDLE_IDENTIFIER = com.lss.TheWordGame;
				PRODUCT_NAME = "$(TARGET_NAME)";
				SWIFT_VERSION = 3.0;
			};
			name = Release;
		};
		851E81C71F4F4D9400BAF0ED /* Debug */ = {
			isa = XCBuildConfiguration;
			buildSettings = {
				ALWAYS_EMBED_SWIFT_STANDARD_LIBRARIES = YES;
				BUNDLE_LOADER = "$(TEST_HOST)";
				DEVELOPMENT_TEAM = 4Y9W3Y2Z9W;
				INFOPLIST_FILE = TheWordGameUpdateTests/Info.plist;
				LD_RUNPATH_SEARCH_PATHS = "$(inherited) @executable_path/Frameworks @loader_path/Frameworks";
				PRODUCT_BUNDLE_IDENTIFIER = com.lss.TheWordGameUpdateTests;
				PRODUCT_NAME = "$(TARGET_NAME)";
				SWIFT_VERSION = 3.0;
				TEST_HOST = "$(BUILT_PRODUCTS_DIR)/TheWordGameUpdate.app/TheWordGameUpdate";
			};
			name = Debug;
		};
		851E81C81F4F4D9400BAF0ED /* Release */ = {
			isa = XCBuildConfiguration;
			buildSettings = {
				ALWAYS_EMBED_SWIFT_STANDARD_LIBRARIES = YES;
				BUNDLE_LOADER = "$(TEST_HOST)";
				DEVELOPMENT_TEAM = 4Y9W3Y2Z9W;
				INFOPLIST_FILE = TheWordGameUpdateTests/Info.plist;
				LD_RUNPATH_SEARCH_PATHS = "$(inherited) @executable_path/Frameworks @loader_path/Frameworks";
				PRODUCT_BUNDLE_IDENTIFIER = com.lss.TheWordGameUpdateTests;
				PRODUCT_NAME = "$(TARGET_NAME)";
				SWIFT_VERSION = 3.0;
				TEST_HOST = "$(BUILT_PRODUCTS_DIR)/TheWordGameUpdate.app/TheWordGameUpdate";
			};
			name = Release;
		};
		851E81CA1F4F4D9400BAF0ED /* Debug */ = {
			isa = XCBuildConfiguration;
			buildSettings = {
				ALWAYS_EMBED_SWIFT_STANDARD_LIBRARIES = YES;
				DEVELOPMENT_TEAM = 4Y9W3Y2Z9W;
				INFOPLIST_FILE = TheWordGameUpdateUITests/Info.plist;
				LD_RUNPATH_SEARCH_PATHS = "$(inherited) @executable_path/Frameworks @loader_path/Frameworks";
				PRODUCT_BUNDLE_IDENTIFIER = com.lss.TheWordGameUpdateUITests;
				PRODUCT_NAME = "$(TARGET_NAME)";
				SWIFT_VERSION = 3.0;
				TEST_TARGET_NAME = TheWordGameUpdate;
			};
			name = Debug;
		};
		851E81CB1F4F4D9400BAF0ED /* Release */ = {
			isa = XCBuildConfiguration;
			buildSettings = {
				ALWAYS_EMBED_SWIFT_STANDARD_LIBRARIES = YES;
				DEVELOPMENT_TEAM = 4Y9W3Y2Z9W;
				INFOPLIST_FILE = TheWordGameUpdateUITests/Info.plist;
				LD_RUNPATH_SEARCH_PATHS = "$(inherited) @executable_path/Frameworks @loader_path/Frameworks";
				PRODUCT_BUNDLE_IDENTIFIER = com.lss.TheWordGameUpdateUITests;
				PRODUCT_NAME = "$(TARGET_NAME)";
				SWIFT_VERSION = 3.0;
				TEST_TARGET_NAME = TheWordGameUpdate;
			};
			name = Release;
		};
/* End XCBuildConfiguration section */

/* Begin XCConfigurationList section */
		851E81961F4F4D9400BAF0ED /* Build configuration list for PBXProject "TheWordGameUpdate" */ = {
			isa = XCConfigurationList;
			buildConfigurations = (
				851E81C11F4F4D9400BAF0ED /* Debug */,
				851E81C21F4F4D9400BAF0ED /* Release */,
			);
			defaultConfigurationIsVisible = 0;
			defaultConfigurationName = Release;
		};
		851E81C31F4F4D9400BAF0ED /* Build configuration list for PBXNativeTarget "TheWordGameUpdate" */ = {
			isa = XCConfigurationList;
			buildConfigurations = (
				851E81C41F4F4D9400BAF0ED /* Debug */,
				851E81C51F4F4D9400BAF0ED /* Release */,
			);
			defaultConfigurationIsVisible = 0;
			defaultConfigurationName = Release;
		};
		851E81C61F4F4D9400BAF0ED /* Build configuration list for PBXNativeTarget "TheWordGameUpdateTests" */ = {
			isa = XCConfigurationList;
			buildConfigurations = (
				851E81C71F4F4D9400BAF0ED /* Debug */,
				851E81C81F4F4D9400BAF0ED /* Release */,
			);
			defaultConfigurationIsVisible = 0;
			defaultConfigurationName = Release;
		};
		851E81C91F4F4D9400BAF0ED /* Build configuration list for PBXNativeTarget "TheWordGameUpdateUITests" */ = {
			isa = XCConfigurationList;
			buildConfigurations = (
				851E81CA1F4F4D9400BAF0ED /* Debug */,
				851E81CB1F4F4D9400BAF0ED /* Release */,
			);
			defaultConfigurationIsVisible = 0;
			defaultConfigurationName = Release;
		};
/* End XCConfigurationList section */
	};
	rootObject = 851E81931F4F4D9400BAF0ED /* Project object */;
}
